
Microsoft Visual Studio Solution File, Format Version 12.00
# Visual Studio Version 17
VisualStudioVersion = 17.8.34525.116
MinimumVisualStudioVersion = 10.0.40219.1
Project("{FAE04EC0-301F-11D3-BF4B-00C04F79EFBC}") = "SistemaFerreteria", "SistemaFerreteria.csproj", "{64CB3390-B12B-446C-B459-278D4EB9F627}"
EndProject
Project("{FAE04EC0-301F-11D3-BF4B-00C04F79EFBC}") = "SistemaFerreteria.AccesoDatos", "..\SistemaFerreteria.AccesoDatos\SistemaFerreteria.AccesoDatos.csproj", "{656E68CE-A15F-4938-8DAB-7F7E0ADEC426}"
EndProject
Project("{FAE04EC0-301F-11D3-BF4B-00C04F79EFBC}") = "SistemaFerreteria.Modelos", "..\SistemaFerreteria.Modelos\SistemaFerreteria.Modelos.csproj", "{A32B90DA-C215-4571-ACDF-CAA63AA40767}"
EndProject
Project("{FAE04EC0-301F-11D3-BF4B-00C04F79EFBC}") = "SistemaFerreteria.Utilidades", "..\SistemaFerreteria.Utilidades\SistemaFerreteria.Utilidades.csproj", "{B902A7DC-A248-45E7-B20D-29D96CAF6BA9}"
EndProject
Global
	GlobalSection(SolutionConfigurationPlatforms) = preSolution
		Debug|Any CPU = Debug|Any CPU
		Release|Any CPU = Release|Any CPU
	EndGlobalSection
	GlobalSection(ProjectConfigurationPlatforms) = postSolution
		{64CB3390-B12B-446C-B459-278D4EB9F627}.Debug|Any CPU.ActiveCfg = Debug|Any CPU
		{64CB3390-B12B-446C-B459-278D4EB9F627}.Debug|Any CPU.Build.0 = Debug|Any CPU
		{64CB3390-B12B-446C-B459-278D4EB9F627}.Release|Any CPU.ActiveCfg = Release|Any CPU
		{64CB3390-B12B-446C-B459-278D4EB9F627}.Release|Any CPU.Build.0 = Release|Any CPU
		{656E68CE-A15F-4938-8DAB-7F7E0ADEC426}.Debug|Any CPU.ActiveCfg = Debug|Any CPU
		{656E68CE-A15F-4938-8DAB-7F7E0ADEC426}.Debug|Any CPU.Build.0 = Debug|Any CPU
		{656E68CE-A15F-4938-8DAB-7F7E0ADEC426}.Release|Any CPU.ActiveCfg = Release|Any CPU
		{656E68CE-A15F-4938-8DAB-7F7E0ADEC426}.Release|Any CPU.Build.0 = Release|Any CPU
		{A32B90DA-C215-4571-ACDF-CAA63AA40767}.Debug|Any CPU.ActiveCfg = Debug|Any CPU
		{A32B90DA-C215-4571-ACDF-CAA63AA40767}.Debug|Any CPU.Build.0 = Debug|Any CPU
		{A32B90DA-C215-4571-ACDF-CAA63AA40767}.Release|Any CPU.ActiveCfg = Release|Any CPU
		{A32B90DA-C215-4571-ACDF-CAA63AA40767}.Release|Any CPU.Build.0 = Release|Any CPU
		{B902A7DC-A248-45E7-B20D-29D96CAF6BA9}.Debug|Any CPU.ActiveCfg = Debug|Any CPU
		{B902A7DC-A248-45E7-B20D-29D96CAF6BA9}.Debug|Any CPU.Build.0 = Debug|Any CPU
		{B902A7DC-A248-45E7-B20D-29D96CAF6BA9}.Release|Any CPU.ActiveCfg = Release|Any CPU
		{B902A7DC-A248-45E7-B20D-29D96CAF6BA9}.Release|Any CPU.Build.0 = Release|Any CPU
	EndGlobalSection
	GlobalSection(SolutionProperties) = preSolution
		HideSolutionNode = FALSE
	EndGlobalSection
	GlobalSection(ExtensibilityGlobals) = postSolution
		SolutionGuid = {48290A5B-F78A-4561-A82E-58F441234026}
	EndGlobalSection
EndGlobal
